
Microsoft Visual Studio Solution File, Format Version 12.00
# Visual Studio 15
VisualStudioVersion = 15.0.28307.421
MinimumVisualStudioVersion = 10.0.40219.1
Project("{FAE04EC0-301F-11D3-BF4B-00C04F79EFBC}") = "CalculatorCopy", "CalculatorCopy.csproj", "{84559298-C643-4A3D-BD50-A91210E03E45}"
EndProject
Global
	GlobalSection(SolutionConfigurationPlatforms) = preSolution
		Debug|Any CPU = Debug|Any CPU
		Release|Any CPU = Release|Any CPU
	EndGlobalSection
	GlobalSection(ProjectConfigurationPlatforms) = postSolution
		{84559298-C643-4A3D-BD50-A91210E03E45}.Debug|Any CPU.ActiveCfg = Debug|Any CPU
		{84559298-C643-4A3D-BD50-A91210E03E45}.Debug|Any CPU.Build.0 = Debug|Any CPU
		{84559298-C643-4A3D-BD50-A91210E03E45}.Release|Any CPU.ActiveCfg = Release|Any CPU
		{84559298-C643-4A3D-BD50-A91210E03E45}.Release|Any CPU.Build.0 = Release|Any CPU
	EndGlobalSection
	GlobalSection(SolutionProperties) = preSolution
		HideSolutionNode = FALSE
	EndGlobalSection
	GlobalSection(ExtensibilityGlobals) = postSolution
		SolutionGuid = {2351F8CB-32D6-459C-89B9-855205EE5A2D}
	EndGlobalSection
EndGlobal
